{
  "name": "@dollardeploy/cli",
  "version": "1.4.0",
  "lockfileVersion": 3,
  "requires": true,
  "packages": {
    "": {
      "name": "@dollardeploy/cli",
      "version": "1.4.0",
      "license": "Private",
      "bin": {
        "ddc": "deploy.js"
      },
      "engines": {
        "node": ">=22.0.0"
      }
    }
  }
}
